<?xml version="1.0" encoding="utf-8"?>
<Project ToolsVersion="4.0" xmlns="http://schemas.microsoft.com/developer/msbuild/2003">
  <ItemGroup>
    <Filter Include="來源檔案">
      <UniqueIdentifier>{4FC737F1-C7A5-4376-A066-2A32D752A2FF}</UniqueIdentifier>
      <Extensions>cpp;c;cc;cxx;def;odl;idl;hpj;bat;asm;asmx</Extensions>
    </Filter>
    <Filter Include="標頭檔">
      <UniqueIdentifier>{93995380-89BD-4b04-88EB-625FBE52EBFB}</UniqueIdentifier>
      <Extensions>h;hh;hpp;hxx;hm;inl;inc;ipp;xsd</Extensions>
    </Filter>
    <Filter Include="資源檔">
      <UniqueIdentifier>{67DA6AB6-F800-4c08-8B7A-83BB121AAD01}</UniqueIdentifier>
      <Extensions>rc;ico;cur;bmp;dlg;rc2;rct;bin;rgs;gif;jpg;jpeg;jpe;resx;tiff;tif;png;wav;mfcribbon-ms</Extensions>
    </Filter>
    <Filter Include="Utilities">
      <UniqueIdentifier>{2cba5f8b-461a-4569-9e42-dc15e928eb9e}</UniqueIdentifier>
    </Filter>
    <Filter Include="shader">
      <UniqueIdentifier>{d3df3841-948e-403b-8a7f-77fc8e53feec}</UniqueIdentifier>
    </Filter>
    <Filter Include="shader\others">
      <UniqueIdentifier>{e71cda9d-1955-4b4f-8ca7-62c7ae7797c4}</UniqueIdentifier>
    </Filter>
  </ItemGroup>
  <ItemGroup>
    <ClCompile Include="Codes\TrainWindow.cpp">
      <Filter>來源檔案</Filter>
    </ClCompile>
    <ClCompile Include="Codes\CallBacks.cpp">
      <Filter>來源檔案</Filter>
    </ClCompile>
    <ClCompile Include="Codes\ControlPoint.cpp">
      <Filter>來源檔案</Filter>
    </ClCompile>
    <ClCompile Include="Codes\main.cpp">
      <Filter>來源檔案</Filter>
    </ClCompile>
    <ClCompile Include="Codes\Track.cpp">
      <Filter>來源檔案</Filter>
    </ClCompile>
    <ClCompile Include="Codes\TrainView.cpp">
      <Filter>來源檔案</Filter>
    </ClCompile>
    <ClCompile Include="Codes\Utilities\3DUtils.cpp">
      <Filter>Utilities</Filter>
    </ClCompile>
    <ClCompile Include="Codes\Utilities\ArcBallCam.cpp">
      <Filter>Utilities</Filter>
    </ClCompile>
    <ClCompile Include="Codes\Utilities\Pnt3f.cpp">
      <Filter>Utilities</Filter>
    </ClCompile>
    <ClCompile Include="Codes\glad.c">
      <Filter>來源檔案</Filter>
    </ClCompile>
  </ItemGroup>
  <ItemGroup>
    <ClInclude Include="Codes\TrainWindow.H">
      <Filter>標頭檔</Filter>
    </ClInclude>
    <ClInclude Include="Codes\CallBacks.H">
      <Filter>標頭檔</Filter>
    </ClInclude>
    <ClInclude Include="Codes\ControlPoint.H">
      <Filter>標頭檔</Filter>
    </ClInclude>
    <ClInclude Include="Codes\Track.H">
      <Filter>標頭檔</Filter>
    </ClInclude>
    <ClInclude Include="Codes\TrainView.H">
      <Filter>標頭檔</Filter>
    </ClInclude>
    <ClInclude Include="Codes\Utilities\Pnt3f.H">
      <Filter>Utilities</Filter>
    </ClInclude>
    <ClInclude Include="Codes\Utilities\3DUtils.h">
      <Filter>Utilities</Filter>
    </ClInclude>
    <ClInclude Include="Codes\Utilities\ArcBallCam.H">
      <Filter>Utilities</Filter>
    </ClInclude>
    <ClInclude Include="Codes\RenderUtilities\BufferObject.h">
      <Filter>標頭檔</Filter>
    </ClInclude>
    <ClInclude Include="Codes\RenderUtilities\Shader.h">
      <Filter>標頭檔</Filter>
    </ClInclude>
    <ClInclude Include="Codes\RenderUtilities\Texture.h">
      <Filter>標頭檔</Filter>
    </ClInclude>
    <ClInclude Include="include\stb_image.h">
      <Filter>標頭檔</Filter>
    </ClInclude>
    <ClInclude Include="Codes\mesh.h">
      <Filter>標頭檔</Filter>
    </ClInclude>
    <ClInclude Include="Codes\model.h">
      <Filter>標頭檔</Filter>
    </ClInclude>
  </ItemGroup>
  <ItemGroup>
    <None Include="Codes\shaders\others\common_lib.glsl">
      <Filter>shader\others</Filter>
    </None>
    <None Include="Codes\shaders\others\cubeMap.frag">
      <Filter>shader\others</Filter>
    </None>
    <None Include="Codes\shaders\others\cubeMap.vert">
      <Filter>shader\others</Filter>
    </None>
    <None Include="Codes\shaders\others\material_lib.glsl">
      <Filter>shader\others</Filter>
    </None>
    <None Include="Codes\shaders\others\wall_cube.frag">
      <Filter>shader\others</Filter>
    </None>
    <None Include="Codes\shaders\others\wall_cube.vert">
      <Filter>shader\others</Filter>
    </None>
    <None Include="Codes\shaders\others\water.vert">
      <Filter>shader\others</Filter>
    </None>
    <None Include="Codes\shaders\others\water_above.frag">
      <Filter>shader\others</Filter>
    </None>
    <None Include="Codes\shaders\others\water_caustic.frag">
      <Filter>shader\others</Filter>
    </None>
    <None Include="Codes\shaders\others\water_caustic.tese">
      <Filter>shader\others</Filter>
    </None>
    <None Include="Codes\shaders\others\water_drop.frag">
      <Filter>shader\others</Filter>
    </None>
    <None Include="Codes\shaders\others\water_lib.glsl">
      <Filter>shader\others</Filter>
    </None>
    <None Include="Codes\shaders\others\water_mesh.tesc">
      <Filter>shader\others</Filter>
    </None>
    <None Include="Codes\shaders\others\water_mesh.tese">
      <Filter>shader\others</Filter>
    </None>
    <None Include="Codes\shaders\others\water_mesh.vert">
      <Filter>shader\others</Filter>
    </None>
    <None Include="Codes\shaders\others\water_normal.frag">
      <Filter>shader\others</Filter>
    </None>
    <None Include="Codes\shaders\others\water_under.frag">
      <Filter>shader\others</Filter>
    </None>
    <None Include="Codes\shaders\others\water_update.frag">
      <Filter>shader\others</Filter>
    </None>
    <None Include="Codes\shaders\sinwave.frag">
      <Filter>shader</Filter>
    </None>
    <None Include="Codes\shaders\sinwave.vert">
      <Filter>shader</Filter>
    </None>
    <None Include="Codes\shaders\height_map.frag">
      <Filter>shader</Filter>
    </None>
    <None Include="Codes\shaders\height_map.vert">
      <Filter>shader</Filter>
    </None>
    <None Include="Codes\shaders\skybox.frag">
      <Filter>shader</Filter>
    </None>
    <None Include="Codes\shaders\skybox.vert">
      <Filter>shader</Filter>
    </None>
    <None Include="Codes\shaders\screen.frag">
      <Filter>shader</Filter>
    </None>
    <None Include="Codes\shaders\screen.vert">
      <Filter>shader</Filter>
    </None>
  </ItemGroup>
  <ItemGroup>
    <Text Include="trash.txt">
      <Filter>標頭檔</Filter>
    </Text>
  </ItemGroup>
</Project>