<?xml version="1.0" encoding="utf-8"?>
<Project ToolsVersion="4.0" xmlns="http://schemas.microsoft.com/developer/msbuild/2003">
  <ItemGroup>
    <Filter Include="來源檔案">
      <UniqueIdentifier>{4FC737F1-C7A5-4376-A066-2A32D752A2FF}</UniqueIdentifier>
      <Extensions>cpp;c;cc;cxx;c++;def;odl;idl;hpj;bat;asm;asmx</Extensions>
    </Filter>
    <Filter Include="標頭檔">
      <UniqueIdentifier>{93995380-89BD-4b04-88EB-625FBE52EBFB}</UniqueIdentifier>
      <Extensions>h;hh;hpp;hxx;h++;hm;inl;inc;ipp;xsd</Extensions>
    </Filter>
    <Filter Include="資源檔">
      <UniqueIdentifier>{67DA6AB6-F800-4c08-8B7A-83BB121AAD01}</UniqueIdentifier>
      <Extensions>rc;ico;cur;bmp;dlg;rc2;rct;bin;rgs;gif;jpg;jpeg;jpe;resx;tiff;tif;png;wav;mfcribbon-ms</Extensions>
    </Filter>
    <Filter Include="來源檔案\imgui_cpp">
      <UniqueIdentifier>{a925b209-46fa-4f04-a301-4a7f9e4dbbcf}</UniqueIdentifier>
    </Filter>
  </ItemGroup>
  <ItemGroup>
    <ClCompile Include="texture.cpp">
      <Filter>來源檔案</Filter>
    </ClCompile>
    <ClCompile Include="glad.c">
      <Filter>來源檔案</Filter>
    </ClCompile>
    <ClCompile Include="main.cpp">
      <Filter>來源檔案</Filter>
    </ClCompile>
    <ClCompile Include="reversi.cpp">
      <Filter>來源檔案</Filter>
    </ClCompile>
    <ClCompile Include="imgui_cpp\imgui.cpp">
      <Filter>來源檔案\imgui_cpp</Filter>
    </ClCompile>
    <ClCompile Include="imgui_cpp\imgui_demo.cpp">
      <Filter>來源檔案\imgui_cpp</Filter>
    </ClCompile>
    <ClCompile Include="imgui_cpp\imgui_draw.cpp">
      <Filter>來源檔案\imgui_cpp</Filter>
    </ClCompile>
    <ClCompile Include="imgui_cpp\imgui_impl_glfw.cpp">
      <Filter>來源檔案\imgui_cpp</Filter>
    </ClCompile>
    <ClCompile Include="imgui_cpp\imgui_impl_opengl3.cpp">
      <Filter>來源檔案\imgui_cpp</Filter>
    </ClCompile>
    <ClCompile Include="imgui_cpp\imgui_widgets.cpp">
      <Filter>來源檔案\imgui_cpp</Filter>
    </ClCompile>
  </ItemGroup>
  <ItemGroup>
    <ClInclude Include="reversi.h">
      <Filter>標頭檔</Filter>
    </ClInclude>
    <ClInclude Include="texture.h">
      <Filter>標頭檔</Filter>
    </ClInclude>
    <ClInclude Include="resource.h">
      <Filter>標頭檔</Filter>
    </ClInclude>
  </ItemGroup>
  <ItemGroup>
    <Text Include="trash.txt">
      <Filter>標頭檔</Filter>
    </Text>
  </ItemGroup>
  <ItemGroup>
    <ResourceCompile Include="reversi.rc">
      <Filter>資源檔</Filter>
    </ResourceCompile>
  </ItemGroup>
  <ItemGroup>
    <Image Include="image\game_logo.ico">
      <Filter>資源檔</Filter>
    </Image>
  </ItemGroup>
</Project>